
Microsoft Visual Studio Solution File, Format Version 12.00
# Visual Studio Version 17
VisualStudioVersion = 17.4.33122.133
MinimumVisualStudioVersion = 10.0.40219.1
Project("{9A19103F-16F7-4668-BE54-9A1E7A4F7556}") = "CSharp_lab03", "lab02\CSharp_lab03.csproj", "{D761C617-FF7F-4E52-A72D-1489AFE6D5CE}"
EndProject
Global
	GlobalSection(SolutionConfigurationPlatforms) = preSolution
		Debug|Any CPU = Debug|Any CPU
		Release|Any CPU = Release|Any CPU
	EndGlobalSection
	GlobalSection(ProjectConfigurationPlatforms) = postSolution
		{D761C617-FF7F-4E52-A72D-1489AFE6D5CE}.Debug|Any CPU.ActiveCfg = Debug|Any CPU
		{D761C617-FF7F-4E52-A72D-1489AFE6D5CE}.Debug|Any CPU.Build.0 = Debug|Any CPU
		{D761C617-FF7F-4E52-A72D-1489AFE6D5CE}.Release|Any CPU.ActiveCfg = Release|Any CPU
		{D761C617-FF7F-4E52-A72D-1489AFE6D5CE}.Release|Any CPU.Build.0 = Release|Any CPU
	EndGlobalSection
	GlobalSection(SolutionProperties) = preSolution
		HideSolutionNode = FALSE
	EndGlobalSection
	GlobalSection(ExtensibilityGlobals) = postSolution
		SolutionGuid = {FB312908-21ED-45AB-907D-24E74528C2E1}
	EndGlobalSection
EndGlobal
